{
	"name": "@vscode/python-extension",
	"version": "1.0.0",
	"lockfileVersion": 2,
	"requires": true,
	"packages": {
		"": {
			"name": "@vscode/python-extension",
			"version": "1.0.0",
			"license": "MIT",
			"dependencies": {
				"@types/vscode": "^1.78.0"
			},
			"devDependencies": {
				"@types/node": "^16.11.7",
				"typescript": "^4.7.2"
			}
		},
		"node_modules/@types/node": {
			"version": "16.18.27",
			"resolved": "https://registry.npmjs.org/@types/node/-/node-16.18.27.tgz",
			"integrity": "sha512-GFfndd/RINWD19W+xNJ9Qh/sOZ5ieTiOSagA86ER/12i/l+MEnQxsbldGRF23azWjRfe7zUlAldyrwN84a1E5w==",
			"dev": true
		},
		"node_modules/@types/vscode": {
			"version": "1.78.0",
			"resolved": "https://registry.npmjs.org/@types/vscode/-/vscode-1.78.0.tgz",
			"integrity": "sha512-LJZIJpPvKJ0HVQDqfOy6W4sNKUBBwyDu1Bs8chHBZOe9MNuKTJtidgZ2bqjhmmWpUb0TIIqv47BFUcVmAsgaVA=="
		},
		"node_modules/typescript": {
			"version": "4.9.5",
			"resolved": "https://registry.npmjs.org/typescript/-/typescript-4.9.5.tgz",
			"integrity": "sha512-1FXk9E2Hm+QzZQ7z+McJiHL4NW1F2EzMu9Nq9i3zAaGqibafqYwCVU6WyWAuyQRRzOlxou8xZSyXLEN8oKj24g==",
			"dev": true,
			"bin": {
				"tsc": "bin/tsc",
				"tsserver": "bin/tsserver"
			},
			"engines": {
				"node": ">=4.2.0"
			}
		}
	},
	"dependencies": {
		"@types/node": {
			"version": "16.18.27",
			"resolved": "https://registry.npmjs.org/@types/node/-/node-16.18.27.tgz",
			"integrity": "sha512-GFfndd/RINWD19W+xNJ9Qh/sOZ5ieTiOSagA86ER/12i/l+MEnQxsbldGRF23azWjRfe7zUlAldyrwN84a1E5w==",
			"dev": true
		},
		"@types/vscode": {
			"version": "1.78.0",
			"resolved": "https://registry.npmjs.org/@types/vscode/-/vscode-1.78.0.tgz",
			"integrity": "sha512-LJZIJpPvKJ0HVQDqfOy6W4sNKUBBwyDu1Bs8chHBZOe9MNuKTJtidgZ2bqjhmmWpUb0TIIqv47BFUcVmAsgaVA=="
		},
		"typescript": {
			"version": "4.9.5",
			"resolved": "https://registry.npmjs.org/typescript/-/typescript-4.9.5.tgz",
			"integrity": "sha512-1FXk9E2Hm+QzZQ7z+McJiHL4NW1F2EzMu9Nq9i3zAaGqibafqYwCVU6WyWAuyQRRzOlxou8xZSyXLEN8oKj24g==",
			"dev": true
		}
	}
}
